{
  "name": "@securstack/cli",
  "version": "0.1.0",
  "lockfileVersion": 3,
  "requires": true,
  "packages": {
    "": {
      "name": "@securstack/cli",
      "version": "0.1.0",
      "dependencies": {
        "@securstack/core": "file:../securstack-core"
      },
      "bin": {
        "securstack": "bin/securstack.js"
      },
      "engines": {
        "node": ">=20"
      }
    },
    "../securstack-core": {
      "name": "@securstack/core",
      "version": "0.1.0",
      "dependencies": {
        "zod": "^3.25.76"
      },
      "devDependencies": {
        "@types/node": "^22.15.30",
        "@vitest/coverage-v8": "^3.2.6",
        "typescript": "^5.8.3",
        "vitest": "^3.2.3"
      }
    },
    "node_modules/@securstack/core": {
      "resolved": "../securstack-core",
      "link": true
    }
  }
}
